
Microsoft Visual Studio Solution File, Format Version 12.00
# Visual Studio Version 17
VisualStudioVersion = 17.12.35527.113 d17.12
MinimumVisualStudioVersion = 10.0.40219.1
Project("{FAE04EC0-301F-11D3-BF4B-00C04F79EFBC}") = "Tyuiu.BerezkinAA.Sprint5.Task7.V5", "Tyuiu.BerezkinAA.Sprint5.Task7.V5\Tyuiu.BerezkinAA.Sprint5.Task7.V5.csproj", "{C1B56411-70EA-4437-8047-8D4FA2B89758}"
EndProject
Project("{FAE04EC0-301F-11D3-BF4B-00C04F79EFBC}") = "Tyuiu.BerezkinAA.Sprint5.Task7.V5.Lib", "Tyuiu.BerezkinAA.Sprint5.Task7.V5.Lib\Tyuiu.BerezkinAA.Sprint5.Task7.V5.Lib.csproj", "{256B2251-6DEE-4621-AC5C-0659885DBE2B}"
EndProject
Project("{FAE04EC0-301F-11D3-BF4B-00C04F79EFBC}") = "Tyuiu.BerezkinAA.Sprint5.Task7.V5.Test", "Tyuiu.BerezkinAA.Sprint5.Task7.V5.Test\Tyuiu.BerezkinAA.Sprint5.Task7.V5.Test.csproj", "{C268FFE0-8888-462E-BFE7-816D66E4D22F}"
EndProject
Global
	GlobalSection(SolutionConfigurationPlatforms) = preSolution
		Debug|Any CPU = Debug|Any CPU
		Release|Any CPU = Release|Any CPU
	EndGlobalSection
	GlobalSection(ProjectConfigurationPlatforms) = postSolution
		{C1B56411-70EA-4437-8047-8D4FA2B89758}.Debug|Any CPU.ActiveCfg = Debug|Any CPU
		{C1B56411-70EA-4437-8047-8D4FA2B89758}.Debug|Any CPU.Build.0 = Debug|Any CPU
		{C1B56411-70EA-4437-8047-8D4FA2B89758}.Release|Any CPU.ActiveCfg = Release|Any CPU
		{C1B56411-70EA-4437-8047-8D4FA2B89758}.Release|Any CPU.Build.0 = Release|Any CPU
		{256B2251-6DEE-4621-AC5C-0659885DBE2B}.Debug|Any CPU.ActiveCfg = Debug|Any CPU
		{256B2251-6DEE-4621-AC5C-0659885DBE2B}.Debug|Any CPU.Build.0 = Debug|Any CPU
		{256B2251-6DEE-4621-AC5C-0659885DBE2B}.Release|Any CPU.ActiveCfg = Release|Any CPU
		{256B2251-6DEE-4621-AC5C-0659885DBE2B}.Release|Any CPU.Build.0 = Release|Any CPU
		{C268FFE0-8888-462E-BFE7-816D66E4D22F}.Debug|Any CPU.ActiveCfg = Debug|Any CPU
		{C268FFE0-8888-462E-BFE7-816D66E4D22F}.Debug|Any CPU.Build.0 = Debug|Any CPU
		{C268FFE0-8888-462E-BFE7-816D66E4D22F}.Release|Any CPU.ActiveCfg = Release|Any CPU
		{C268FFE0-8888-462E-BFE7-816D66E4D22F}.Release|Any CPU.Build.0 = Release|Any CPU
	EndGlobalSection
	GlobalSection(SolutionProperties) = preSolution
		HideSolutionNode = FALSE
	EndGlobalSection
EndGlobal
